
Microsoft Visual Studio Solution File, Format Version 12.00
# Visual Studio Version 16
VisualStudioVersion = 16.0.29926.136
MinimumVisualStudioVersion = 10.0.40219.1
Project("{FAE04EC0-301F-11D3-BF4B-00C04F79EFBC}") = "WpfProizvodnja", "WpfProizvodnja\WpfProizvodnja.csproj", "{348F3636-68D1-4635-B19C-27B60C9B7A91}"
EndProject
Global
	GlobalSection(SolutionConfigurationPlatforms) = preSolution
		Debug|Any CPU = Debug|Any CPU
		Release|Any CPU = Release|Any CPU
	EndGlobalSection
	GlobalSection(ProjectConfigurationPlatforms) = postSolution
		{348F3636-68D1-4635-B19C-27B60C9B7A91}.Debug|Any CPU.ActiveCfg = Debug|Any CPU
		{348F3636-68D1-4635-B19C-27B60C9B7A91}.Debug|Any CPU.Build.0 = Debug|Any CPU
		{348F3636-68D1-4635-B19C-27B60C9B7A91}.Release|Any CPU.ActiveCfg = Release|Any CPU
		{348F3636-68D1-4635-B19C-27B60C9B7A91}.Release|Any CPU.Build.0 = Release|Any CPU
	EndGlobalSection
	GlobalSection(SolutionProperties) = preSolution
		HideSolutionNode = FALSE
	EndGlobalSection
	GlobalSection(ExtensibilityGlobals) = postSolution
		SolutionGuid = {54D643EF-6862-4519-83D8-56DB176CAD32}
	EndGlobalSection
EndGlobal
